
Microsoft Visual Studio Solution File, Format Version 12.00
# Visual Studio Version 17
VisualStudioVersion = 17.14.36717.8
MinimumVisualStudioVersion = 10.0.40219.1
Project("{FAE04EC0-301F-11D3-BF4B-00C04F79EFBC}") = "Proyecto_desarrollo", "Proyecto_desarrollo\Proyecto_desarrollo.csproj", "{E1FF9041-EAB0-4A48-A18F-DA9D7DD19940}"
EndProject
Project("{FAE04EC0-301F-11D3-BF4B-00C04F79EFBC}") = "TechStore.API", "TechStore.API\TechStore.API.csproj", "{3D245389-1921-4129-BB63-702713CB2B15}"
EndProject
Global
	GlobalSection(SolutionConfigurationPlatforms) = preSolution
		Debug|Any CPU = Debug|Any CPU
		Release|Any CPU = Release|Any CPU
	EndGlobalSection
	GlobalSection(ProjectConfigurationPlatforms) = postSolution
		{E1FF9041-EAB0-4A48-A18F-DA9D7DD19940}.Debug|Any CPU.ActiveCfg = Debug|Any CPU
		{E1FF9041-EAB0-4A48-A18F-DA9D7DD19940}.Debug|Any CPU.Build.0 = Debug|Any CPU
		{E1FF9041-EAB0-4A48-A18F-DA9D7DD19940}.Release|Any CPU.ActiveCfg = Release|Any CPU
		{E1FF9041-EAB0-4A48-A18F-DA9D7DD19940}.Release|Any CPU.Build.0 = Release|Any CPU
		{3D245389-1921-4129-BB63-702713CB2B15}.Debug|Any CPU.ActiveCfg = Debug|Any CPU
		{3D245389-1921-4129-BB63-702713CB2B15}.Debug|Any CPU.Build.0 = Debug|Any CPU
		{3D245389-1921-4129-BB63-702713CB2B15}.Release|Any CPU.ActiveCfg = Release|Any CPU
		{3D245389-1921-4129-BB63-702713CB2B15}.Release|Any CPU.Build.0 = Release|Any CPU
	EndGlobalSection
	GlobalSection(SolutionProperties) = preSolution
		HideSolutionNode = FALSE
	EndGlobalSection
	GlobalSection(ExtensibilityGlobals) = postSolution
		SolutionGuid = {8A41A489-FF03-4234-AF8B-C92990402731}
	EndGlobalSection
EndGlobal
